// !$*UTF8*$!
{
	archiveVersion = 1;
	classes = {
	};
	objectVersion = 50;
	objects = {

/* Begin PBXBuildFile section */
		3117441B251843DF006D2516 /* API.Covid.swift in Sources */ = {isa = PBXBuildFile; fileRef = 3117441A251843DF006D2516 /* API.Covid.swift */; };
		3117441D25185EB7006D2516 /* SearchViewModel.swift in Sources */ = {isa = PBXBuildFile; fileRef = 3117441C25185EB7006D2516 /* SearchViewModel.swift */; };
		31174421251994E1006D2516 /* DetailViewController.swift in Sources */ = {isa = PBXBuildFile; fileRef = 3117441F251994E1006D2516 /* DetailViewController.swift */; };
		31174422251994E1006D2516 /* DetailViewController.xib in Resources */ = {isa = PBXBuildFile; fileRef = 31174420251994E1006D2516 /* DetailViewController.xib */; };
		31174426251995FB006D2516 /* DetailTableViewCell.swift in Sources */ = {isa = PBXBuildFile; fileRef = 31174424251995FB006D2516 /* DetailTableViewCell.swift */; };
		31174427251995FB006D2516 /* DetailTableViewCell.xib in Resources */ = {isa = PBXBuildFile; fileRef = 31174425251995FB006D2516 /* DetailTableViewCell.xib */; };
		311744292519AD32006D2516 /* DetailCellModel.swift in Sources */ = {isa = PBXBuildFile; fileRef = 311744282519AD32006D2516 /* DetailCellModel.swift */; };
		3117442B2519AF2C006D2516 /* DetailViewModel.swift in Sources */ = {isa = PBXBuildFile; fileRef = 3117442A2519AF2C006D2516 /* DetailViewModel.swift */; };
		3117442D2519E7AF006D2516 /* DayOneCountry.swift in Sources */ = {isa = PBXBuildFile; fileRef = 3117442C2519E7AF006D2516 /* DayOneCountry.swift */; };
		3143526E2513178E000CBA59 /* Country.swift in Sources */ = {isa = PBXBuildFile; fileRef = 3143526D2513178E000CBA59 /* Country.swift */; };
		3143527025131B94000CBA59 /* Covid.swift in Sources */ = {isa = PBXBuildFile; fileRef = 3143526F25131B94000CBA59 /* Covid.swift */; };
		3143527225131DDA000CBA59 /* Global.swift in Sources */ = {isa = PBXBuildFile; fileRef = 3143527125131DDA000CBA59 /* Global.swift */; };
		3143527425134B22000CBA59 /* SearchCellModel.swift in Sources */ = {isa = PBXBuildFile; fileRef = 3143527325134B22000CBA59 /* SearchCellModel.swift */; };
		314489FC251AE4B6006F5230 /* CellOneTableViewCell.swift in Sources */ = {isa = PBXBuildFile; fileRef = 314489FA251AE4B6006F5230 /* CellOneTableViewCell.swift */; };
		314489FD251AE4B6006F5230 /* CellOneTableViewCell.xib in Resources */ = {isa = PBXBuildFile; fileRef = 314489FB251AE4B6006F5230 /* CellOneTableViewCell.xib */; };
		314489FF251AF8BB006F5230 /* CellOneCellModel.swift in Sources */ = {isa = PBXBuildFile; fileRef = 314489FE251AF8BB006F5230 /* CellOneCellModel.swift */; };
		31448A02251B4D44006F5230 /* CellThreeTableViewCell.swift in Sources */ = {isa = PBXBuildFile; fileRef = 31448A00251B4D44006F5230 /* CellThreeTableViewCell.swift */; };
		31448A03251B4D44006F5230 /* CellThreeTableViewCell.xib in Resources */ = {isa = PBXBuildFile; fileRef = 31448A01251B4D44006F5230 /* CellThreeTableViewCell.xib */; };
		3144D2AA251C7A7D000F6E3F /* StatsViewModel.swift in Sources */ = {isa = PBXBuildFile; fileRef = 3144D2A9251C7A7D000F6E3F /* StatsViewModel.swift */; };
		3144D2AE251C7AD0000F6E3F /* StatsCellOneTableViewCell.swift in Sources */ = {isa = PBXBuildFile; fileRef = 3144D2AC251C7AD0000F6E3F /* StatsCellOneTableViewCell.swift */; };
		3144D2AF251C7AD0000F6E3F /* StatsCellOneTableViewCell.xib in Resources */ = {isa = PBXBuildFile; fileRef = 3144D2AD251C7AD0000F6E3F /* StatsCellOneTableViewCell.xib */; };
		3144D2B1251C8417000F6E3F /* StatsCellOneModel.swift in Sources */ = {isa = PBXBuildFile; fileRef = 3144D2B0251C8417000F6E3F /* StatsCellOneModel.swift */; };
		3144D2C8251EFEFB000F6E3F /* CircleGraphic.swift in Sources */ = {isa = PBXBuildFile; fileRef = 3144D2C7251EFEFB000F6E3F /* CircleGraphic.swift */; };
		3144D2CE251F85E3000F6E3F /* CustomChart.swift in Sources */ = {isa = PBXBuildFile; fileRef = 3144D2CD251F85E3000F6E3F /* CustomChart.swift */; };
		3144D2D0251F8735000F6E3F /* BarEntry.swift in Sources */ = {isa = PBXBuildFile; fileRef = 3144D2CF251F8735000F6E3F /* BarEntry.swift */; };
		3145405E25108C5800696E49 /* FollowViewController.xib in Resources */ = {isa = PBXBuildFile; fileRef = 3145404E25108C5800696E49 /* FollowViewController.xib */; };
		3145405F25108C5800696E49 /* FollowViewController.swift in Sources */ = {isa = PBXBuildFile; fileRef = 3145404F25108C5800696E49 /* FollowViewController.swift */; };
		3145406025108C5800696E49 /* SearchViewController.swift in Sources */ = {isa = PBXBuildFile; fileRef = 3145405125108C5800696E49 /* SearchViewController.swift */; };
		3145406125108C5800696E49 /* SearchViewController.xib in Resources */ = {isa = PBXBuildFile; fileRef = 3145405225108C5800696E49 /* SearchViewController.xib */; };
		3145406225108C5800696E49 /* MapViewController.swift in Sources */ = {isa = PBXBuildFile; fileRef = 3145405425108C5800696E49 /* MapViewController.swift */; };
		3145406325108C5800696E49 /* MapViewController.xib in Resources */ = {isa = PBXBuildFile; fileRef = 3145405525108C5800696E49 /* MapViewController.xib */; };
		3145406425108C5800696E49 /* TabBarViewController.swift in Sources */ = {isa = PBXBuildFile; fileRef = 3145405725108C5800696E49 /* TabBarViewController.swift */; };
		3145406525108C5800696E49 /* LoginViewController.xib in Resources */ = {isa = PBXBuildFile; fileRef = 3145405925108C5800696E49 /* LoginViewController.xib */; };
		3145406625108C5800696E49 /* LoginViewController.swift in Sources */ = {isa = PBXBuildFile; fileRef = 3145405A25108C5800696E49 /* LoginViewController.swift */; };
		3145406725108C5800696E49 /* StatsViewController.xib in Resources */ = {isa = PBXBuildFile; fileRef = 3145405C25108C5800696E49 /* StatsViewController.xib */; };
		3145406825108C5800696E49 /* StatsViewController.swift in Sources */ = {isa = PBXBuildFile; fileRef = 3145405D25108C5800696E49 /* StatsViewController.swift */; };
		3145406A251090E900696E49 /* AppDelegate.swift in Sources */ = {isa = PBXBuildFile; fileRef = 31454069251090E900696E49 /* AppDelegate.swift */; };
		3145406C251091E700696E49 /* DeviceType.swift in Sources */ = {isa = PBXBuildFile; fileRef = 3145406B251091E700696E49 /* DeviceType.swift */; };
		314540702510948700696E49 /* GoogleService-Info.plist in Resources */ = {isa = PBXBuildFile; fileRef = 3145406F2510948700696E49 /* GoogleService-Info.plist */; };
		314540832511B8B200696E49 /* Enum.swift in Sources */ = {isa = PBXBuildFile; fileRef = 314540822511B8B200696E49 /* Enum.swift */; };
		31C3A7D2252373DF0001E53B /* StatsCellTwoTableViewCell.swift in Sources */ = {isa = PBXBuildFile; fileRef = 31C3A7D0252373DF0001E53B /* StatsCellTwoTableViewCell.swift */; };
		31C3A7D3252373DF0001E53B /* StatsCellTwoTableViewCell.xib in Resources */ = {isa = PBXBuildFile; fileRef = 31C3A7D1252373DF0001E53B /* StatsCellTwoTableViewCell.xib */; };
		31C3A7D7252377260001E53B /* StatsCellThreeTableViewCell.swift in Sources */ = {isa = PBXBuildFile; fileRef = 31C3A7D5252377260001E53B /* StatsCellThreeTableViewCell.swift */; };
		31C3A7D8252377260001E53B /* StatsCellThreeTableViewCell.xib in Resources */ = {isa = PBXBuildFile; fileRef = 31C3A7D6252377260001E53B /* StatsCellThreeTableViewCell.xib */; };
		31C3A7DA2523775E0001E53B /* StatsCellThreeModel.swift in Sources */ = {isa = PBXBuildFile; fileRef = 31C3A7D92523775E0001E53B /* StatsCellThreeModel.swift */; };
		31C3A7DE252428630001E53B /* CellRankTableViewCell.swift in Sources */ = {isa = PBXBuildFile; fileRef = 31C3A7DC252428630001E53B /* CellRankTableViewCell.swift */; };
		31C3A7DF252428630001E53B /* CellRankTableViewCell.xib in Resources */ = {isa = PBXBuildFile; fileRef = 31C3A7DD252428630001E53B /* CellRankTableViewCell.xib */; };
		31C3A7E12524287A0001E53B /* CellRankModel.swift in Sources */ = {isa = PBXBuildFile; fileRef = 31C3A7E02524287A0001E53B /* CellRankModel.swift */; };
		31C3A7E5252447D60001E53B /* StatsCellFiveTableViewCell.swift in Sources */ = {isa = PBXBuildFile; fileRef = 31C3A7E3252447D60001E53B /* StatsCellFiveTableViewCell.swift */; };
		31C3A7E6252447D60001E53B /* StatsCellFiveTableViewCell.xib in Resources */ = {isa = PBXBuildFile; fileRef = 31C3A7E4252447D60001E53B /* StatsCellFiveTableViewCell.xib */; };
		31FE1D002511E8EF007F8F8D /* CollectionCell.swift in Sources */ = {isa = PBXBuildFile; fileRef = 31FE1CFC2511E8EF007F8F8D /* CollectionCell.swift */; };
		31FE1D012511E8EF007F8F8D /* ViewController.swift in Sources */ = {isa = PBXBuildFile; fileRef = 31FE1CFD2511E8EF007F8F8D /* ViewController.swift */; };
		31FE1D022511E8EF007F8F8D /* TableCell.swift in Sources */ = {isa = PBXBuildFile; fileRef = 31FE1CFE2511E8EF007F8F8D /* TableCell.swift */; };
		31FE1D032511E8EF007F8F8D /* Button.swift in Sources */ = {isa = PBXBuildFile; fileRef = 31FE1CFF2511E8EF007F8F8D /* Button.swift */; };
		31FE1D072512FFB2007F8F8D /* SearchTableViewCell.swift in Sources */ = {isa = PBXBuildFile; fileRef = 31FE1D052512FFB2007F8F8D /* SearchTableViewCell.swift */; };
		31FE1D082512FFB2007F8F8D /* SearchTableViewCell.xib in Resources */ = {isa = PBXBuildFile; fileRef = 31FE1D062512FFB2007F8F8D /* SearchTableViewCell.xib */; };
		D140168E250A322400110A13 /* FinalProjectTests.swift in Sources */ = {isa = PBXBuildFile; fileRef = D140168D250A322400110A13 /* FinalProjectTests.swift */; };
		D1401699250A322400110A13 /* FinalProjectUITests.swift in Sources */ = {isa = PBXBuildFile; fileRef = D1401698250A322400110A13 /* FinalProjectUITests.swift */; };
		D14016D1250A335300110A13 /* .gitkeep in Resources */ = {isa = PBXBuildFile; fileRef = D14016A8250A335200110A13 /* .gitkeep */; };
		D14016D2250A335300110A13 /* RequestSerializer.swift in Sources */ = {isa = PBXBuildFile; fileRef = D14016AB250A335200110A13 /* RequestSerializer.swift */; };
		D14016D3250A335300110A13 /* Error.swift in Sources */ = {isa = PBXBuildFile; fileRef = D14016AC250A335200110A13 /* Error.swift */; };
		D14016D4250A335300110A13 /* ApiManager.swift in Sources */ = {isa = PBXBuildFile; fileRef = D14016AD250A335200110A13 /* ApiManager.swift */; };
		D14016D5250A335300110A13 /* ResponseSerializer.swift in Sources */ = {isa = PBXBuildFile; fileRef = D14016AE250A335200110A13 /* ResponseSerializer.swift */; };
		D14016D6250A335300110A13 /* Api.swift in Sources */ = {isa = PBXBuildFile; fileRef = D14016AF250A335200110A13 /* Api.swift */; };
		D14016DF250A335300110A13 /* InputViewExt.swift in Sources */ = {isa = PBXBuildFile; fileRef = D14016BD250A335300110A13 /* InputViewExt.swift */; };
		D14016E0250A335300110A13 /* StringExt.swift in Sources */ = {isa = PBXBuildFile; fileRef = D14016BE250A335300110A13 /* StringExt.swift */; };
		D14016E1250A335300110A13 /* UIViewControllerExt.swift in Sources */ = {isa = PBXBuildFile; fileRef = D14016BF250A335300110A13 /* UIViewControllerExt.swift */; };
		D14016E2250A335300110A13 /* MapperExt.swift in Sources */ = {isa = PBXBuildFile; fileRef = D14016C0250A335300110A13 /* MapperExt.swift */; };
		D14016E3250A335300110A13 /* DefaultsExt.swift in Sources */ = {isa = PBXBuildFile; fileRef = D14016C1250A335300110A13 /* DefaultsExt.swift */; };
		D14016E4250A335300110A13 /* Preview Assets.xcassets in Resources */ = {isa = PBXBuildFile; fileRef = D14016C3250A335300110A13 /* Preview Assets.xcassets */; };
		D14016E5250A335300110A13 /* Assets.xcassets in Resources */ = {isa = PBXBuildFile; fileRef = D14016C5250A335300110A13 /* Assets.xcassets */; };
		D14016E6250A335300110A13 /* LaunchScreen.storyboard in Resources */ = {isa = PBXBuildFile; fileRef = D14016C6250A335300110A13 /* LaunchScreen.storyboard */; };
		D14016E8250A335300110A13 /* String.swift in Sources */ = {isa = PBXBuildFile; fileRef = D14016CB250A335300110A13 /* String.swift */; };
		D14016E9250A335300110A13 /* Font.swift in Sources */ = {isa = PBXBuildFile; fileRef = D14016CC250A335300110A13 /* Font.swift */; };
		D14016EA250A335300110A13 /* App.swift in Sources */ = {isa = PBXBuildFile; fileRef = D14016CD250A335300110A13 /* App.swift */; };
		D14016EB250A335300110A13 /* Color.swift in Sources */ = {isa = PBXBuildFile; fileRef = D14016CE250A335300110A13 /* Color.swift */; };
		D1BB12FD250A57B100FA0B80 /* NSURL.swift in Sources */ = {isa = PBXBuildFile; fileRef = D1BB12FC250A57B100FA0B80 /* NSURL.swift */; };
		D1BB12FF250A5E4E00FA0B80 /* DataExt.swift in Sources */ = {isa = PBXBuildFile; fileRef = D1BB12FE250A5E4E00FA0B80 /* DataExt.swift */; };
		D1BB1301250A5ECC00FA0B80 /* DictionaryExt.swift in Sources */ = {isa = PBXBuildFile; fileRef = D1BB1300250A5ECC00FA0B80 /* DictionaryExt.swift */; };
		D1BB1303250A5F0C00FA0B80 /* Measurement.swift in Sources */ = {isa = PBXBuildFile; fileRef = D1BB1302250A5F0C00FA0B80 /* Measurement.swift */; };
		D86C6E6E15F20F6137641356 /* Pods_FinalProject.framework in Frameworks */ = {isa = PBXBuildFile; fileRef = 6307785093DE94D446824149 /* Pods_FinalProject.framework */; };
/* End PBXBuildFile section */

/* Begin PBXContainerItemProxy section */
		D140168A250A322400110A13 /* PBXContainerItemProxy */ = {
			isa = PBXContainerItemProxy;
			containerPortal = D140166B250A321B00110A13 /* Project object */;
			proxyType = 1;
			remoteGlobalIDString = D1401672250A321B00110A13;
			remoteInfo = FinalProject;
		};
		D1401695250A322400110A13 /* PBXContainerItemProxy */ = {
			isa = PBXContainerItemProxy;
			containerPortal = D140166B250A321B00110A13 /* Project object */;
			proxyType = 1;
			remoteGlobalIDString = D1401672250A321B00110A13;
			remoteInfo = FinalProject;
		};
/* End PBXContainerItemProxy section */

/* Begin PBXFileReference section */
		07F80737CD9B19E7B3ADD5F6 /* Pods-FinalProject.release.xcconfig */ = {isa = PBXFileReference; includeInIndex = 1; lastKnownFileType = text.xcconfig; name = "Pods-FinalProject.release.xcconfig"; path = "Pods/Target Support Files/Pods-FinalProject/Pods-FinalProject.release.xcconfig"; sourceTree = "<group>"; };
		3117441A251843DF006D2516 /* API.Covid.swift */ = {isa = PBXFileReference; lastKnownFileType = sourcecode.swift; path = API.Covid.swift; sourceTree = "<group>"; };
		3117441C25185EB7006D2516 /* SearchViewModel.swift */ = {isa = PBXFileReference; lastKnownFileType = sourcecode.swift; path = SearchViewModel.swift; sourceTree = "<group>"; };
		3117441F251994E1006D2516 /* DetailViewController.swift */ = {isa = PBXFileReference; lastKnownFileType = sourcecode.swift; path = DetailViewController.swift; sourceTree = "<group>"; };
		31174420251994E1006D2516 /* DetailViewController.xib */ = {isa = PBXFileReference; lastKnownFileType = file.xib; path = DetailViewController.xib; sourceTree = "<group>"; };
		31174424251995FB006D2516 /* DetailTableViewCell.swift */ = {isa = PBXFileReference; lastKnownFileType = sourcecode.swift; path = DetailTableViewCell.swift; sourceTree = "<group>"; };
		31174425251995FB006D2516 /* DetailTableViewCell.xib */ = {isa = PBXFileReference; lastKnownFileType = file.xib; path = DetailTableViewCell.xib; sourceTree = "<group>"; };
		311744282519AD32006D2516 /* DetailCellModel.swift */ = {isa = PBXFileReference; lastKnownFileType = sourcecode.swift; path = DetailCellModel.swift; sourceTree = "<group>"; };
		3117442A2519AF2C006D2516 /* DetailViewModel.swift */ = {isa = PBXFileReference; lastKnownFileType = sourcecode.swift; path = DetailViewModel.swift; sourceTree = "<group>"; };
		3117442C2519E7AF006D2516 /* DayOneCountry.swift */ = {isa = PBXFileReference; lastKnownFileType = sourcecode.swift; path = DayOneCountry.swift; sourceTree = "<group>"; };
		3143526D2513178E000CBA59 /* Country.swift */ = {isa = PBXFileReference; lastKnownFileType = sourcecode.swift; path = Country.swift; sourceTree = "<group>"; };
		3143526F25131B94000CBA59 /* Covid.swift */ = {isa = PBXFileReference; lastKnownFileType = sourcecode.swift; path = Covid.swift; sourceTree = "<group>"; };
		3143527125131DDA000CBA59 /* Global.swift */ = {isa = PBXFileReference; lastKnownFileType = sourcecode.swift; path = Global.swift; sourceTree = "<group>"; };
		3143527325134B22000CBA59 /* SearchCellModel.swift */ = {isa = PBXFileReference; lastKnownFileType = sourcecode.swift; path = SearchCellModel.swift; sourceTree = "<group>"; };
		314489FA251AE4B6006F5230 /* CellOneTableViewCell.swift */ = {isa = PBXFileReference; lastKnownFileType = sourcecode.swift; path = CellOneTableViewCell.swift; sourceTree = "<group>"; };
		314489FB251AE4B6006F5230 /* CellOneTableViewCell.xib */ = {isa = PBXFileReference; lastKnownFileType = file.xib; path = CellOneTableViewCell.xib; sourceTree = "<group>"; };
		314489FE251AF8BB006F5230 /* CellOneCellModel.swift */ = {isa = PBXFileReference; lastKnownFileType = sourcecode.swift; path = CellOneCellModel.swift; sourceTree = "<group>"; };
		31448A00251B4D44006F5230 /* CellThreeTableViewCell.swift */ = {isa = PBXFileReference; lastKnownFileType = sourcecode.swift; path = CellThreeTableViewCell.swift; sourceTree = "<group>"; };
		31448A01251B4D44006F5230 /* CellThreeTableViewCell.xib */ = {isa = PBXFileReference; lastKnownFileType = file.xib; path = CellThreeTableViewCell.xib; sourceTree = "<group>"; };
		3144D2A9251C7A7D000F6E3F /* StatsViewModel.swift */ = {isa = PBXFileReference; lastKnownFileType = sourcecode.swift; path = StatsViewModel.swift; sourceTree = "<group>"; };
		3144D2AC251C7AD0000F6E3F /* StatsCellOneTableViewCell.swift */ = {isa = PBXFileReference; lastKnownFileType = sourcecode.swift; path = StatsCellOneTableViewCell.swift; sourceTree = "<group>"; };
		3144D2AD251C7AD0000F6E3F /* StatsCellOneTableViewCell.xib */ = {isa = PBXFileReference; lastKnownFileType = file.xib; path = StatsCellOneTableViewCell.xib; sourceTree = "<group>"; };
		3144D2B0251C8417000F6E3F /* StatsCellOneModel.swift */ = {isa = PBXFileReference; lastKnownFileType = sourcecode.swift; path = StatsCellOneModel.swift; sourceTree = "<group>"; };
		3144D2C7251EFEFB000F6E3F /* CircleGraphic.swift */ = {isa = PBXFileReference; lastKnownFileType = sourcecode.swift; path = CircleGraphic.swift; sourceTree = "<group>"; };
		3144D2CD251F85E3000F6E3F /* CustomChart.swift */ = {isa = PBXFileReference; lastKnownFileType = sourcecode.swift; path = CustomChart.swift; sourceTree = "<group>"; };
		3144D2CF251F8735000F6E3F /* BarEntry.swift */ = {isa = PBXFileReference; lastKnownFileType = sourcecode.swift; path = BarEntry.swift; sourceTree = "<group>"; };
		3145404E25108C5800696E49 /* FollowViewController.xib */ = {isa = PBXFileReference; fileEncoding = 4; lastKnownFileType = file.xib; path = FollowViewController.xib; sourceTree = "<group>"; };
		3145404F25108C5800696E49 /* FollowViewController.swift */ = {isa = PBXFileReference; fileEncoding = 4; lastKnownFileType = sourcecode.swift; path = FollowViewController.swift; sourceTree = "<group>"; };
		3145405125108C5800696E49 /* SearchViewController.swift */ = {isa = PBXFileReference; fileEncoding = 4; lastKnownFileType = sourcecode.swift; path = SearchViewController.swift; sourceTree = "<group>"; };
		3145405225108C5800696E49 /* SearchViewController.xib */ = {isa = PBXFileReference; fileEncoding = 4; lastKnownFileType = file.xib; path = SearchViewController.xib; sourceTree = "<group>"; };
		3145405425108C5800696E49 /* MapViewController.swift */ = {isa = PBXFileReference; fileEncoding = 4; lastKnownFileType = sourcecode.swift; path = MapViewController.swift; sourceTree = "<group>"; };
		3145405525108C5800696E49 /* MapViewController.xib */ = {isa = PBXFileReference; fileEncoding = 4; lastKnownFileType = file.xib; path = MapViewController.xib; sourceTree = "<group>"; };
		3145405725108C5800696E49 /* TabBarViewController.swift */ = {isa = PBXFileReference; fileEncoding = 4; lastKnownFileType = sourcecode.swift; path = TabBarViewController.swift; sourceTree = "<group>"; };
		3145405925108C5800696E49 /* LoginViewController.xib */ = {isa = PBXFileReference; fileEncoding = 4; lastKnownFileType = file.xib; path = LoginViewController.xib; sourceTree = "<group>"; };
		3145405A25108C5800696E49 /* LoginViewController.swift */ = {isa = PBXFileReference; fileEncoding = 4; lastKnownFileType = sourcecode.swift; path = LoginViewController.swift; sourceTree = "<group>"; };
		3145405C25108C5800696E49 /* StatsViewController.xib */ = {isa = PBXFileReference; fileEncoding = 4; lastKnownFileType = file.xib; path = StatsViewController.xib; sourceTree = "<group>"; };
		3145405D25108C5800696E49 /* StatsViewController.swift */ = {isa = PBXFileReference; fileEncoding = 4; lastKnownFileType = sourcecode.swift; path = StatsViewController.swift; sourceTree = "<group>"; };
		31454069251090E900696E49 /* AppDelegate.swift */ = {isa = PBXFileReference; fileEncoding = 4; lastKnownFileType = sourcecode.swift; name = AppDelegate.swift; path = ../../../Desktop/DayByDay/LoginwthGoogleApplewihFirebase/LoginwthGoogleApplewihFirebase/AppDelegate.swift; sourceTree = "<group>"; };
		3145406B251091E700696E49 /* DeviceType.swift */ = {isa = PBXFileReference; lastKnownFileType = sourcecode.swift; path = DeviceType.swift; sourceTree = "<group>"; };
		3145406F2510948700696E49 /* GoogleService-Info.plist */ = {isa = PBXFileReference; lastKnownFileType = text.plist.xml; name = "GoogleService-Info.plist"; path = "../../Downloads/GoogleService-Info.plist"; sourceTree = "<group>"; };
		31454071251094F200696E49 /* FinalProject.entitlements */ = {isa = PBXFileReference; lastKnownFileType = text.plist.entitlements; path = FinalProject.entitlements; sourceTree = "<group>"; };
		314540822511B8B200696E49 /* Enum.swift */ = {isa = PBXFileReference; lastKnownFileType = sourcecode.swift; path = Enum.swift; sourceTree = "<group>"; };
		31C3A7D0252373DF0001E53B /* StatsCellTwoTableViewCell.swift */ = {isa = PBXFileReference; lastKnownFileType = sourcecode.swift; path = StatsCellTwoTableViewCell.swift; sourceTree = "<group>"; };
		31C3A7D1252373DF0001E53B /* StatsCellTwoTableViewCell.xib */ = {isa = PBXFileReference; lastKnownFileType = file.xib; path = StatsCellTwoTableViewCell.xib; sourceTree = "<group>"; };
		31C3A7D5252377260001E53B /* StatsCellThreeTableViewCell.swift */ = {isa = PBXFileReference; lastKnownFileType = sourcecode.swift; path = StatsCellThreeTableViewCell.swift; sourceTree = "<group>"; };
		31C3A7D6252377260001E53B /* StatsCellThreeTableViewCell.xib */ = {isa = PBXFileReference; lastKnownFileType = file.xib; path = StatsCellThreeTableViewCell.xib; sourceTree = "<group>"; };
		31C3A7D92523775E0001E53B /* StatsCellThreeModel.swift */ = {isa = PBXFileReference; lastKnownFileType = sourcecode.swift; path = StatsCellThreeModel.swift; sourceTree = "<group>"; };
		31C3A7DC252428630001E53B /* CellRankTableViewCell.swift */ = {isa = PBXFileReference; lastKnownFileType = sourcecode.swift; path = CellRankTableViewCell.swift; sourceTree = "<group>"; };
		31C3A7DD252428630001E53B /* CellRankTableViewCell.xib */ = {isa = PBXFileReference; lastKnownFileType = file.xib; path = CellRankTableViewCell.xib; sourceTree = "<group>"; };
		31C3A7E02524287A0001E53B /* CellRankModel.swift */ = {isa = PBXFileReference; lastKnownFileType = sourcecode.swift; path = CellRankModel.swift; sourceTree = "<group>"; };
		31C3A7E3252447D60001E53B /* StatsCellFiveTableViewCell.swift */ = {isa = PBXFileReference; lastKnownFileType = sourcecode.swift; path = StatsCellFiveTableViewCell.swift; sourceTree = "<group>"; };
		31C3A7E4252447D60001E53B /* StatsCellFiveTableViewCell.xib */ = {isa = PBXFileReference; lastKnownFileType = file.xib; path = StatsCellFiveTableViewCell.xib; sourceTree = "<group>"; };
		31FE1CFC2511E8EF007F8F8D /* CollectionCell.swift */ = {isa = PBXFileReference; fileEncoding = 4; lastKnownFileType = sourcecode.swift; path = CollectionCell.swift; sourceTree = "<group>"; };
		31FE1CFD2511E8EF007F8F8D /* ViewController.swift */ = {isa = PBXFileReference; fileEncoding = 4; lastKnownFileType = sourcecode.swift; path = ViewController.swift; sourceTree = "<group>"; };
		31FE1CFE2511E8EF007F8F8D /* TableCell.swift */ = {isa = PBXFileReference; fileEncoding = 4; lastKnownFileType = sourcecode.swift; path = TableCell.swift; sourceTree = "<group>"; };
		31FE1CFF2511E8EF007F8F8D /* Button.swift */ = {isa = PBXFileReference; fileEncoding = 4; lastKnownFileType = sourcecode.swift; path = Button.swift; sourceTree = "<group>"; };
		31FE1D052512FFB2007F8F8D /* SearchTableViewCell.swift */ = {isa = PBXFileReference; lastKnownFileType = sourcecode.swift; path = SearchTableViewCell.swift; sourceTree = "<group>"; };
		31FE1D062512FFB2007F8F8D /* SearchTableViewCell.xib */ = {isa = PBXFileReference; lastKnownFileType = file.xib; path = SearchTableViewCell.xib; sourceTree = "<group>"; };
		55A32BBB6E0353D615726FAB /* Pods-FinalProject.debug.xcconfig */ = {isa = PBXFileReference; includeInIndex = 1; lastKnownFileType = text.xcconfig; name = "Pods-FinalProject.debug.xcconfig"; path = "Pods/Target Support Files/Pods-FinalProject/Pods-FinalProject.debug.xcconfig"; sourceTree = "<group>"; };
		6307785093DE94D446824149 /* Pods_FinalProject.framework */ = {isa = PBXFileReference; explicitFileType = wrapper.framework; includeInIndex = 0; path = Pods_FinalProject.framework; sourceTree = BUILT_PRODUCTS_DIR; };
		D1401673250A321B00110A13 /* FinalProject.app */ = {isa = PBXFileReference; explicitFileType = wrapper.application; includeInIndex = 0; path = FinalProject.app; sourceTree = BUILT_PRODUCTS_DIR; };
		D1401689250A322400110A13 /* FinalProjectTests.xctest */ = {isa = PBXFileReference; explicitFileType = wrapper.cfbundle; includeInIndex = 0; path = FinalProjectTests.xctest; sourceTree = BUILT_PRODUCTS_DIR; };
		D140168D250A322400110A13 /* FinalProjectTests.swift */ = {isa = PBXFileReference; lastKnownFileType = sourcecode.swift; path = FinalProjectTests.swift; sourceTree = "<group>"; };
		D140168F250A322400110A13 /* Info.plist */ = {isa = PBXFileReference; lastKnownFileType = text.plist.xml; path = Info.plist; sourceTree = "<group>"; };
		D1401694250A322400110A13 /* FinalProjectUITests.xctest */ = {isa = PBXFileReference; explicitFileType = wrapper.cfbundle; includeInIndex = 0; path = FinalProjectUITests.xctest; sourceTree = BUILT_PRODUCTS_DIR; };
		D1401698250A322400110A13 /* FinalProjectUITests.swift */ = {isa = PBXFileReference; lastKnownFileType = sourcecode.swift; path = FinalProjectUITests.swift; sourceTree = "<group>"; };
		D140169A250A322400110A13 /* Info.plist */ = {isa = PBXFileReference; lastKnownFileType = text.plist.xml; path = Info.plist; sourceTree = "<group>"; };
		D14016A8250A335200110A13 /* .gitkeep */ = {isa = PBXFileReference; fileEncoding = 4; lastKnownFileType = text; path = .gitkeep; sourceTree = "<group>"; };
		D14016AB250A335200110A13 /* RequestSerializer.swift */ = {isa = PBXFileReference; fileEncoding = 4; lastKnownFileType = sourcecode.swift; path = RequestSerializer.swift; sourceTree = "<group>"; };
		D14016AC250A335200110A13 /* Error.swift */ = {isa = PBXFileReference; fileEncoding = 4; lastKnownFileType = sourcecode.swift; path = Error.swift; sourceTree = "<group>"; };
		D14016AD250A335200110A13 /* ApiManager.swift */ = {isa = PBXFileReference; fileEncoding = 4; lastKnownFileType = sourcecode.swift; path = ApiManager.swift; sourceTree = "<group>"; };
		D14016AE250A335200110A13 /* ResponseSerializer.swift */ = {isa = PBXFileReference; fileEncoding = 4; lastKnownFileType = sourcecode.swift; path = ResponseSerializer.swift; sourceTree = "<group>"; };
		D14016AF250A335200110A13 /* Api.swift */ = {isa = PBXFileReference; fileEncoding = 4; lastKnownFileType = sourcecode.swift; path = Api.swift; sourceTree = "<group>"; };
		D14016BD250A335300110A13 /* InputViewExt.swift */ = {isa = PBXFileReference; fileEncoding = 4; lastKnownFileType = sourcecode.swift; path = InputViewExt.swift; sourceTree = "<group>"; };
		D14016BE250A335300110A13 /* StringExt.swift */ = {isa = PBXFileReference; fileEncoding = 4; lastKnownFileType = sourcecode.swift; path = StringExt.swift; sourceTree = "<group>"; };
		D14016BF250A335300110A13 /* UIViewControllerExt.swift */ = {isa = PBXFileReference; fileEncoding = 4; lastKnownFileType = sourcecode.swift; path = UIViewControllerExt.swift; sourceTree = "<group>"; };
		D14016C0250A335300110A13 /* MapperExt.swift */ = {isa = PBXFileReference; fileEncoding = 4; lastKnownFileType = sourcecode.swift; path = MapperExt.swift; sourceTree = "<group>"; };
		D14016C1250A335300110A13 /* DefaultsExt.swift */ = {isa = PBXFileReference; fileEncoding = 4; lastKnownFileType = sourcecode.swift; path = DefaultsExt.swift; sourceTree = "<group>"; };
		D14016C3250A335300110A13 /* Preview Assets.xcassets */ = {isa = PBXFileReference; lastKnownFileType = folder.assetcatalog; path = "Preview Assets.xcassets"; sourceTree = "<group>"; };
		D14016C5250A335300110A13 /* Assets.xcassets */ = {isa = PBXFileReference; lastKnownFileType = folder.assetcatalog; path = Assets.xcassets; sourceTree = "<group>"; };
		D14016C7250A335300110A13 /* Base */ = {isa = PBXFileReference; lastKnownFileType = file.storyboard; name = Base; path = Base.lproj/LaunchScreen.storyboard; sourceTree = "<group>"; };
		D14016C9250A335300110A13 /* Info.plist */ = {isa = PBXFileReference; fileEncoding = 4; lastKnownFileType = text.plist.xml; path = Info.plist; sourceTree = "<group>"; };
		D14016CB250A335300110A13 /* String.swift */ = {isa = PBXFileReference; fileEncoding = 4; lastKnownFileType = sourcecode.swift; path = String.swift; sourceTree = "<group>"; };
		D14016CC250A335300110A13 /* Font.swift */ = {isa = PBXFileReference; fileEncoding = 4; lastKnownFileType = sourcecode.swift; path = Font.swift; sourceTree = "<group>"; };
		D14016CD250A335300110A13 /* App.swift */ = {isa = PBXFileReference; fileEncoding = 4; lastKnownFileType = sourcecode.swift; path = App.swift; sourceTree = "<group>"; };
		D14016CE250A335300110A13 /* Color.swift */ = {isa = PBXFileReference; fileEncoding = 4; lastKnownFileType = sourcecode.swift; path = Color.swift; sourceTree = "<group>"; };
		D14016D0250A335300110A13 /* .gitkeep */ = {isa = PBXFileReference; fileEncoding = 4; lastKnownFileType = text; path = .gitkeep; sourceTree = "<group>"; };
		D1BB12FC250A57B100FA0B80 /* NSURL.swift */ = {isa = PBXFileReference; lastKnownFileType = sourcecode.swift; path = NSURL.swift; sourceTree = "<group>"; };
		D1BB12FE250A5E4E00FA0B80 /* DataExt.swift */ = {isa = PBXFileReference; lastKnownFileType = sourcecode.swift; path = DataExt.swift; sourceTree = "<group>"; };
		D1BB1300250A5ECC00FA0B80 /* DictionaryExt.swift */ = {isa = PBXFileReference; lastKnownFileType = sourcecode.swift; path = DictionaryExt.swift; sourceTree = "<group>"; };
		D1BB1302250A5F0C00FA0B80 /* Measurement.swift */ = {isa = PBXFileReference; lastKnownFileType = sourcecode.swift; path = Measurement.swift; sourceTree = "<group>"; };
/* End PBXFileReference section */

/* Begin PBXFrameworksBuildPhase section */
		D1401670250A321B00110A13 /* Frameworks */ = {
			isa = PBXFrameworksBuildPhase;
			buildActionMask = 2147483647;
			files = (
				D86C6E6E15F20F6137641356 /* Pods_FinalProject.framework in Frameworks */,
			);
			runOnlyForDeploymentPostprocessing = 0;
		};
		D1401686250A322400110A13 /* Frameworks */ = {
			isa = PBXFrameworksBuildPhase;
			buildActionMask = 2147483647;
			files = (
			);
			runOnlyForDeploymentPostprocessing = 0;
		};
		D1401691250A322400110A13 /* Frameworks */ = {
			isa = PBXFrameworksBuildPhase;
			buildActionMask = 2147483647;
			files = (
			);
			runOnlyForDeploymentPostprocessing = 0;
		};
/* End PBXFrameworksBuildPhase section */

/* Begin PBXGroup section */
		3117441E25199479006D2516 /* Detail */ = {
			isa = PBXGroup;
			children = (
				31174423251995DB006D2516 /* DetailCell */,
				3117441F251994E1006D2516 /* DetailViewController.swift */,
				3117442A2519AF2C006D2516 /* DetailViewModel.swift */,
				31174420251994E1006D2516 /* DetailViewController.xib */,
			);
			path = Detail;
			sourceTree = "<group>";
		};
		31174423251995DB006D2516 /* DetailCell */ = {
			isa = PBXGroup;
			children = (
				31174424251995FB006D2516 /* DetailTableViewCell.swift */,
				311744282519AD32006D2516 /* DetailCellModel.swift */,
				31174425251995FB006D2516 /* DetailTableViewCell.xib */,
				314489FA251AE4B6006F5230 /* CellOneTableViewCell.swift */,
				314489FB251AE4B6006F5230 /* CellOneTableViewCell.xib */,
				314489FE251AF8BB006F5230 /* CellOneCellModel.swift */,
				31448A00251B4D44006F5230 /* CellThreeTableViewCell.swift */,
				31448A01251B4D44006F5230 /* CellThreeTableViewCell.xib */,
			);
			path = DetailCell;
			sourceTree = "<group>";
		};
		3144D2AB251C7A9D000F6E3F /* Stats Cell */ = {
			isa = PBXGroup;
			children = (
				31C3A7E2252447930001E53B /* CellFive */,
				31C3A7DB252428410001E53B /* CellRank */,
				31C3A7D4252377030001E53B /* CellThree */,
				31C3A7CF2523739A0001E53B /* CellTwo */,
				31C3A7CE2523737A0001E53B /* CellOne */,
			);
			path = "Stats Cell";
			sourceTree = "<group>";
		};
		3144D2C6251EFEBE000F6E3F /* CustomChart */ = {
			isa = PBXGroup;
			children = (
				3144D2C7251EFEFB000F6E3F /* CircleGraphic.swift */,
				3144D2CD251F85E3000F6E3F /* CustomChart.swift */,
				3144D2CF251F8735000F6E3F /* BarEntry.swift */,
			);
			path = CustomChart;
			sourceTree = "<group>";
		};
		3145404C25108C5800696E49 /* View */ = {
			isa = PBXGroup;
			children = (
				3144D2C6251EFEBE000F6E3F /* CustomChart */,
				3117441E25199479006D2516 /* Detail */,
				31454069251090E900696E49 /* AppDelegate.swift */,
				31FE1CFB2511E8EF007F8F8D /* Base */,
				3145404D25108C5800696E49 /* Follow */,
				3145405825108C5800696E49 /* Login */,
				3145405325108C5800696E49 /* Map */,
				3145405025108C5800696E49 /* Search */,
				3145405B25108C5800696E49 /* Stats */,
			);
			path = View;
			sourceTree = "<group>";
		};
		3145404D25108C5800696E49 /* Follow */ = {
			isa = PBXGroup;
			children = (
				3145404E25108C5800696E49 /* FollowViewController.xib */,
				3145404F25108C5800696E49 /* FollowViewController.swift */,
			);
			path = Follow;
			sourceTree = "<group>";
		};
		3145405025108C5800696E49 /* Search */ = {
			isa = PBXGroup;
			children = (
				31FE1D042512FF7C007F8F8D /* Cell */,
				3145405125108C5800696E49 /* SearchViewController.swift */,
				3117441C25185EB7006D2516 /* SearchViewModel.swift */,
				3145405225108C5800696E49 /* SearchViewController.xib */,
			);
			path = Search;
			sourceTree = "<group>";
		};
		3145405325108C5800696E49 /* Map */ = {
			isa = PBXGroup;
			children = (
				3145405425108C5800696E49 /* MapViewController.swift */,
				3145405525108C5800696E49 /* MapViewController.xib */,
			);
			path = Map;
			sourceTree = "<group>";
		};
		3145405825108C5800696E49 /* Login */ = {
			isa = PBXGroup;
			children = (
				3145405925108C5800696E49 /* LoginViewController.xib */,
				3145405A25108C5800696E49 /* LoginViewController.swift */,
			);
			path = Login;
			sourceTree = "<group>";
		};
		3145405B25108C5800696E49 /* Stats */ = {
			isa = PBXGroup;
			children = (
				3144D2AB251C7A9D000F6E3F /* Stats Cell */,
				3145405C25108C5800696E49 /* StatsViewController.xib */,
				3145405D25108C5800696E49 /* StatsViewController.swift */,
				3144D2A9251C7A7D000F6E3F /* StatsViewModel.swift */,
			);
			path = Stats;
			sourceTree = "<group>";
		};
		31C3A7CE2523737A0001E53B /* CellOne */ = {
			isa = PBXGroup;
			children = (
				3144D2B0251C8417000F6E3F /* StatsCellOneModel.swift */,
				3144D2AD251C7AD0000F6E3F /* StatsCellOneTableViewCell.xib */,
				3144D2AC251C7AD0000F6E3F /* StatsCellOneTableViewCell.swift */,
			);
			path = CellOne;
			sourceTree = "<group>";
		};
		31C3A7CF2523739A0001E53B /* CellTwo */ = {
			isa = PBXGroup;
			children = (
				31C3A7D0252373DF0001E53B /* StatsCellTwoTableViewCell.swift */,
				31C3A7D1252373DF0001E53B /* StatsCellTwoTableViewCell.xib */,
			);
			path = CellTwo;
			sourceTree = "<group>";
		};
		31C3A7D4252377030001E53B /* CellThree */ = {
			isa = PBXGroup;
			children = (
				31C3A7D5252377260001E53B /* StatsCellThreeTableViewCell.swift */,
				31C3A7D6252377260001E53B /* StatsCellThreeTableViewCell.xib */,
				31C3A7D92523775E0001E53B /* StatsCellThreeModel.swift */,
			);
			path = CellThree;
			sourceTree = "<group>";
		};
		31C3A7DB252428410001E53B /* CellRank */ = {
			isa = PBXGroup;
			children = (
				31C3A7DC252428630001E53B /* CellRankTableViewCell.swift */,
				31C3A7DD252428630001E53B /* CellRankTableViewCell.xib */,
				31C3A7E02524287A0001E53B /* CellRankModel.swift */,
			);
			path = CellRank;
			sourceTree = "<group>";
		};
		31C3A7E2252447930001E53B /* CellFive */ = {
			isa = PBXGroup;
			children = (
				31C3A7E3252447D60001E53B /* StatsCellFiveTableViewCell.swift */,
				31C3A7E4252447D60001E53B /* StatsCellFiveTableViewCell.xib */,
			);
			path = CellFive;
			sourceTree = "<group>";
		};
		31FE1CFB2511E8EF007F8F8D /* Base */ = {
			isa = PBXGroup;
			children = (
				3145405725108C5800696E49 /* TabBarViewController.swift */,
				31FE1CFC2511E8EF007F8F8D /* CollectionCell.swift */,
				31FE1CFD2511E8EF007F8F8D /* ViewController.swift */,
				31FE1CFE2511E8EF007F8F8D /* TableCell.swift */,
				31FE1CFF2511E8EF007F8F8D /* Button.swift */,
			);
			path = Base;
			sourceTree = "<group>";
		};
		31FE1D042512FF7C007F8F8D /* Cell */ = {
			isa = PBXGroup;
			children = (
				31FE1D052512FFB2007F8F8D /* SearchTableViewCell.swift */,
				31FE1D062512FFB2007F8F8D /* SearchTableViewCell.xib */,
				3143527325134B22000CBA59 /* SearchCellModel.swift */,
			);
			path = Cell;
			sourceTree = "<group>";
		};
		81D8036ED095E621A79E1154 /* Pods */ = {
			isa = PBXGroup;
			children = (
				55A32BBB6E0353D615726FAB /* Pods-FinalProject.debug.xcconfig */,
				07F80737CD9B19E7B3ADD5F6 /* Pods-FinalProject.release.xcconfig */,
			);
			name = Pods;
			sourceTree = "<group>";
		};
		D140166A250A321B00110A13 = {
			isa = PBXGroup;
			children = (
				D1401675250A321C00110A13 /* FinalProject */,
				D140168C250A322400110A13 /* FinalProjectTests */,
				D1401697250A322400110A13 /* FinalProjectUITests */,
				D1401674250A321B00110A13 /* Products */,
				81D8036ED095E621A79E1154 /* Pods */,
				D28625C8A045F2B24526DF26 /* Frameworks */,
			);
			sourceTree = "<group>";
		};
		D1401674250A321B00110A13 /* Products */ = {
			isa = PBXGroup;
			children = (
				D1401673250A321B00110A13 /* FinalProject.app */,
				D1401689250A322400110A13 /* FinalProjectTests.xctest */,
				D1401694250A322400110A13 /* FinalProjectUITests.xctest */,
			);
			name = Products;
			sourceTree = "<group>";
		};
		D1401675250A321C00110A13 /* FinalProject */ = {
			isa = PBXGroup;
			children = (
				31454071251094F200696E49 /* FinalProject.entitlements */,
				3145406F2510948700696E49 /* GoogleService-Info.plist */,
				D14016CA250A335300110A13 /* Define */,
				D14016BB250A335300110A13 /* Library */,
				D14016A6250A335200110A13 /* Model */,
				D14016C2250A335300110A13 /* Preview Content */,
				D14016C4250A335300110A13 /* Resources */,
				D14016C8250A335300110A13 /* Supports */,
				3145404C25108C5800696E49 /* View */,
				D14016CF250A335300110A13 /* ViewModel */,
			);
			path = FinalProject;
			sourceTree = "<group>";
		};
		D140168C250A322400110A13 /* FinalProjectTests */ = {
			isa = PBXGroup;
			children = (
				D140168D250A322400110A13 /* FinalProjectTests.swift */,
				D140168F250A322400110A13 /* Info.plist */,
			);
			path = FinalProjectTests;
			sourceTree = "<group>";
		};
		D1401697250A322400110A13 /* FinalProjectUITests */ = {
			isa = PBXGroup;
			children = (
				D1401698250A322400110A13 /* FinalProjectUITests.swift */,
				D140169A250A322400110A13 /* Info.plist */,
			);
			path = FinalProjectUITests;
			sourceTree = "<group>";
		};
		D14016A6250A335200110A13 /* Model */ = {
			isa = PBXGroup;
			children = (
				D14016A7250A335200110A13 /* Schema */,
				D14016A9250A335200110A13 /* API */,
			);
			path = Model;
			sourceTree = "<group>";
		};
		D14016A7250A335200110A13 /* Schema */ = {
			isa = PBXGroup;
			children = (
				D14016A8250A335200110A13 /* .gitkeep */,
				3143526D2513178E000CBA59 /* Country.swift */,
				3143526F25131B94000CBA59 /* Covid.swift */,
				3143527125131DDA000CBA59 /* Global.swift */,
				3117442C2519E7AF006D2516 /* DayOneCountry.swift */,
			);
			path = Schema;
			sourceTree = "<group>";
		};
		D14016A9250A335200110A13 /* API */ = {
			isa = PBXGroup;
			children = (
				D14016AA250A335200110A13 /* Core */,
				3117441A251843DF006D2516 /* API.Covid.swift */,
			);
			path = API;
			sourceTree = "<group>";
		};
		D14016AA250A335200110A13 /* Core */ = {
			isa = PBXGroup;
			children = (
				D14016AB250A335200110A13 /* RequestSerializer.swift */,
				D14016AC250A335200110A13 /* Error.swift */,
				D14016AD250A335200110A13 /* ApiManager.swift */,
				D14016AE250A335200110A13 /* ResponseSerializer.swift */,
				D14016AF250A335200110A13 /* Api.swift */,
			);
			path = Core;
			sourceTree = "<group>";
		};
		D14016BB250A335300110A13 /* Library */ = {
			isa = PBXGroup;
			children = (
				D14016BC250A335300110A13 /* Ext */,
			);
			path = Library;
			sourceTree = "<group>";
		};
		D14016BC250A335300110A13 /* Ext */ = {
			isa = PBXGroup;
			children = (
				D1BB12FE250A5E4E00FA0B80 /* DataExt.swift */,
				D14016C1250A335300110A13 /* DefaultsExt.swift */,
				D1BB1300250A5ECC00FA0B80 /* DictionaryExt.swift */,
				D14016BD250A335300110A13 /* InputViewExt.swift */,
				D14016C0250A335300110A13 /* MapperExt.swift */,
				D1BB12FC250A57B100FA0B80 /* NSURL.swift */,
				D14016BE250A335300110A13 /* StringExt.swift */,
				D14016BF250A335300110A13 /* UIViewControllerExt.swift */,
			);
			path = Ext;
			sourceTree = "<group>";
		};
		D14016C2250A335300110A13 /* Preview Content */ = {
			isa = PBXGroup;
			children = (
				D14016C3250A335300110A13 /* Preview Assets.xcassets */,
			);
			path = "Preview Content";
			sourceTree = "<group>";
		};
		D14016C4250A335300110A13 /* Resources */ = {
			isa = PBXGroup;
			children = (
				D14016C5250A335300110A13 /* Assets.xcassets */,
				D14016C6250A335300110A13 /* LaunchScreen.storyboard */,
			);
			path = Resources;
			sourceTree = "<group>";
		};
		D14016C8250A335300110A13 /* Supports */ = {
			isa = PBXGroup;
			children = (
				D14016C9250A335300110A13 /* Info.plist */,
			);
			path = Supports;
			sourceTree = "<group>";
		};
		D14016CA250A335300110A13 /* Define */ = {
			isa = PBXGroup;
			children = (
				D14016CD250A335300110A13 /* App.swift */,
				314540822511B8B200696E49 /* Enum.swift */,
				D14016CE250A335300110A13 /* Color.swift */,
				D14016CC250A335300110A13 /* Font.swift */,
				D1BB1302250A5F0C00FA0B80 /* Measurement.swift */,
				D14016CB250A335300110A13 /* String.swift */,
				3145406B251091E700696E49 /* DeviceType.swift */,
			);
			path = Define;
			sourceTree = "<group>";
		};
		D14016CF250A335300110A13 /* ViewModel */ = {
			isa = PBXGroup;
			children = (
				D14016D0250A335300110A13 /* .gitkeep */,
			);
			path = ViewModel;
			sourceTree = "<group>";
		};
		D28625C8A045F2B24526DF26 /* Frameworks */ = {
			isa = PBXGroup;
			children = (
				6307785093DE94D446824149 /* Pods_FinalProject.framework */,
			);
			name = Frameworks;
			sourceTree = "<group>";
		};
/* End PBXGroup section */

/* Begin PBXNativeTarget section */
		D1401672250A321B00110A13 /* FinalProject */ = {
			isa = PBXNativeTarget;
			buildConfigurationList = D140169D250A322400110A13 /* Build configuration list for PBXNativeTarget "FinalProject" */;
			buildPhases = (
				87B63BD2BAF4902C4EEDC8AB /* [CP] Check Pods Manifest.lock */,
				D140166F250A321B00110A13 /* Sources */,
				D1E1754225135B4700D6436E /* SwiftLint */,
				D1401670250A321B00110A13 /* Frameworks */,
				D1401671250A321B00110A13 /* Resources */,
				0C1F96507180FBF166515C21 /* [CP] Embed Pods Frameworks */,
				6E03542C36FFBEDFACFED1F5 /* [CP] Copy Pods Resources */,
			);
			buildRules = (
			);
			dependencies = (
			);
			name = FinalProject;
			productName = FinalProject;
			productReference = D1401673250A321B00110A13 /* FinalProject.app */;
			productType = "com.apple.product-type.application";
		};
		D1401688250A322400110A13 /* FinalProjectTests */ = {
			isa = PBXNativeTarget;
			buildConfigurationList = D14016A0250A322400110A13 /* Build configuration list for PBXNativeTarget "FinalProjectTests" */;
			buildPhases = (
				D1401685250A322400110A13 /* Sources */,
				D1401686250A322400110A13 /* Frameworks */,
				D1401687250A322400110A13 /* Resources */,
			);
			buildRules = (
			);
			dependencies = (
				D140168B250A322400110A13 /* PBXTargetDependency */,
			);
			name = FinalProjectTests;
			productName = FinalProjectTests;
			productReference = D1401689250A322400110A13 /* FinalProjectTests.xctest */;
			productType = "com.apple.product-type.bundle.unit-test";
		};
		D1401693250A322400110A13 /* FinalProjectUITests */ = {
			isa = PBXNativeTarget;
			buildConfigurationList = D14016A3250A322400110A13 /* Build configuration list for PBXNativeTarget "FinalProjectUITests" */;
			buildPhases = (
				D1401690250A322400110A13 /* Sources */,
				D1401691250A322400110A13 /* Frameworks */,
				D1401692250A322400110A13 /* Resources */,
			);
			buildRules = (
			);
			dependencies = (
				D1401696250A322400110A13 /* PBXTargetDependency */,
			);
			name = FinalProjectUITests;
			productName = FinalProjectUITests;
			productReference = D1401694250A322400110A13 /* FinalProjectUITests.xctest */;
			productType = "com.apple.product-type.bundle.ui-testing";
		};
/* End PBXNativeTarget section */

/* Begin PBXProject section */
		D140166B250A321B00110A13 /* Project object */ = {
			isa = PBXProject;
			attributes = {
				LastSwiftUpdateCheck = 1130;
				LastUpgradeCheck = 1130;
				ORGANIZATIONNAME = "Thinh Nguyen X";
				TargetAttributes = {
					D1401672250A321B00110A13 = {
						CreatedOnToolsVersion = 11.3.1;
					};
					D1401688250A322400110A13 = {
						CreatedOnToolsVersion = 11.3.1;
						TestTargetID = D1401672250A321B00110A13;
					};
					D1401693250A322400110A13 = {
						CreatedOnToolsVersion = 11.3.1;
						TestTargetID = D1401672250A321B00110A13;
					};
				};
			};
			buildConfigurationList = D140166E250A321B00110A13 /* Build configuration list for PBXProject "FinalProject" */;
			compatibilityVersion = "Xcode 9.3";
			developmentRegion = en;
			hasScannedForEncodings = 0;
			knownRegions = (
				en,
				Base,
			);
			mainGroup = D140166A250A321B00110A13;
			productRefGroup = D1401674250A321B00110A13 /* Products */;
			projectDirPath = "";
			projectRoot = "";
			targets = (
				D1401672250A321B00110A13 /* FinalProject */,
				D1401688250A322400110A13 /* FinalProjectTests */,
				D1401693250A322400110A13 /* FinalProjectUITests */,
			);
		};
/* End PBXProject section */

/* Begin PBXResourcesBuildPhase section */
		D1401671250A321B00110A13 /* Resources */ = {
			isa = PBXResourcesBuildPhase;
			buildActionMask = 2147483647;
			files = (
				3145406525108C5800696E49 /* LoginViewController.xib in Resources */,
				31174427251995FB006D2516 /* DetailTableViewCell.xib in Resources */,
				3144D2AF251C7AD0000F6E3F /* StatsCellOneTableViewCell.xib in Resources */,
				D14016E4250A335300110A13 /* Preview Assets.xcassets in Resources */,
				3145405E25108C5800696E49 /* FollowViewController.xib in Resources */,
				3145406125108C5800696E49 /* SearchViewController.xib in Resources */,
				31C3A7D8252377260001E53B /* StatsCellThreeTableViewCell.xib in Resources */,
				D14016E6250A335300110A13 /* LaunchScreen.storyboard in Resources */,
				31FE1D082512FFB2007F8F8D /* SearchTableViewCell.xib in Resources */,
				3145406325108C5800696E49 /* MapViewController.xib in Resources */,
				314489FD251AE4B6006F5230 /* CellOneTableViewCell.xib in Resources */,
				31C3A7E6252447D60001E53B /* StatsCellFiveTableViewCell.xib in Resources */,
				31C3A7D3252373DF0001E53B /* StatsCellTwoTableViewCell.xib in Resources */,
				31174422251994E1006D2516 /* DetailViewController.xib in Resources */,
				31448A03251B4D44006F5230 /* CellThreeTableViewCell.xib in Resources */,
				D14016D1250A335300110A13 /* .gitkeep in Resources */,
				314540702510948700696E49 /* GoogleService-Info.plist in Resources */,
				3145406725108C5800696E49 /* StatsViewController.xib in Resources */,
				31C3A7DF252428630001E53B /* CellRankTableViewCell.xib in Resources */,
				D14016E5250A335300110A13 /* Assets.xcassets in Resources */,
			);
			runOnlyForDeploymentPostprocessing = 0;
		};
		D1401687250A322400110A13 /* Resources */ = {
			isa = PBXResourcesBuildPhase;
			buildActionMask = 2147483647;
			files = (
			);
			runOnlyForDeploymentPostprocessing = 0;
		};
		D1401692250A322400110A13 /* Resources */ = {
			isa = PBXResourcesBuildPhase;
			buildActionMask = 2147483647;
			files = (
			);
			runOnlyForDeploymentPostprocessing = 0;
		};
/* End PBXResourcesBuildPhase section */

/* Begin PBXShellScriptBuildPhase section */
		0C1F96507180FBF166515C21 /* [CP] Embed Pods Frameworks */ = {
			isa = PBXShellScriptBuildPhase;
			buildActionMask = 2147483647;
			files = (
			);
			inputFileListPaths = (
			);
			inputPaths = (
				"${SRCROOT}/Pods/Target Support Files/Pods-FinalProject/Pods-FinalProject-frameworks.sh",
				"${BUILT_PRODUCTS_DIR}/Alamofire/Alamofire.framework",
				"${BUILT_PRODUCTS_DIR}/AlamofireNetworkActivityIndicator/AlamofireNetworkActivityIndicator.framework",
				"${BUILT_PRODUCTS_DIR}/AppAuth/AppAuth.framework",
				"${BUILT_PRODUCTS_DIR}/FBSDKCoreKit/FBSDKCoreKit.framework",
				"${BUILT_PRODUCTS_DIR}/FBSDKLoginKit/FBSDKLoginKit.framework",
				"${BUILT_PRODUCTS_DIR}/GTMAppAuth/GTMAppAuth.framework",
				"${BUILT_PRODUCTS_DIR}/GTMSessionFetcher/GTMSessionFetcher.framework",
				"${BUILT_PRODUCTS_DIR}/GoogleUtilities/GoogleUtilities.framework",
				"${BUILT_PRODUCTS_DIR}/IQKeyboardManagerSwift/IQKeyboardManagerSwift.framework",
				"${BUILT_PRODUCTS_DIR}/MVVM-Swift/MVVM.framework",
				"${BUILT_PRODUCTS_DIR}/ObjectMapper/ObjectMapper.framework",
				"${BUILT_PRODUCTS_DIR}/PromisesObjC/FBLPromises.framework",
				"${BUILT_PRODUCTS_DIR}/Realm/Realm.framework",
				"${BUILT_PRODUCTS_DIR}/RealmSwift/RealmSwift.framework",
				"${BUILT_PRODUCTS_DIR}/SDWebImage/SDWebImage.framework",
				"${BUILT_PRODUCTS_DIR}/SVProgressHUD/SVProgressHUD.framework",
				"${BUILT_PRODUCTS_DIR}/SwifterSwift/SwifterSwift.framework",
				"${BUILT_PRODUCTS_DIR}/nanopb/nanopb.framework",
			);
			name = "[CP] Embed Pods Frameworks";
			outputFileListPaths = (
			);
			outputPaths = (
				"${TARGET_BUILD_DIR}/${FRAMEWORKS_FOLDER_PATH}/Alamofire.framework",
				"${TARGET_BUILD_DIR}/${FRAMEWORKS_FOLDER_PATH}/AlamofireNetworkActivityIndicator.framework",
				"${TARGET_BUILD_DIR}/${FRAMEWORKS_FOLDER_PATH}/AppAuth.framework",
				"${TARGET_BUILD_DIR}/${FRAMEWORKS_FOLDER_PATH}/FBSDKCoreKit.framework",
				"${TARGET_BUILD_DIR}/${FRAMEWORKS_FOLDER_PATH}/FBSDKLoginKit.framework",
				"${TARGET_BUILD_DIR}/${FRAMEWORKS_FOLDER_PATH}/GTMAppAuth.framework",
				"${TARGET_BUILD_DIR}/${FRAMEWORKS_FOLDER_PATH}/GTMSessionFetcher.framework",
				"${TARGET_BUILD_DIR}/${FRAMEWORKS_FOLDER_PATH}/GoogleUtilities.framework",
				"${TARGET_BUILD_DIR}/${FRAMEWORKS_FOLDER_PATH}/IQKeyboardManagerSwift.framework",
				"${TARGET_BUILD_DIR}/${FRAMEWORKS_FOLDER_PATH}/MVVM.framework",
				"${TARGET_BUILD_DIR}/${FRAMEWORKS_FOLDER_PATH}/ObjectMapper.framework",
				"${TARGET_BUILD_DIR}/${FRAMEWORKS_FOLDER_PATH}/FBLPromises.framework",
				"${TARGET_BUILD_DIR}/${FRAMEWORKS_FOLDER_PATH}/Realm.framework",
				"${TARGET_BUILD_DIR}/${FRAMEWORKS_FOLDER_PATH}/RealmSwift.framework",
				"${TARGET_BUILD_DIR}/${FRAMEWORKS_FOLDER_PATH}/SDWebImage.framework",
				"${TARGET_BUILD_DIR}/${FRAMEWORKS_FOLDER_PATH}/SVProgressHUD.framework",
				"${TARGET_BUILD_DIR}/${FRAMEWORKS_FOLDER_PATH}/SwifterSwift.framework",
				"${TARGET_BUILD_DIR}/${FRAMEWORKS_FOLDER_PATH}/nanopb.framework",
			);
			runOnlyForDeploymentPostprocessing = 0;
			shellPath = /bin/sh;
			shellScript = "\"${SRCROOT}/Pods/Target Support Files/Pods-FinalProject/Pods-FinalProject-frameworks.sh\"\n";
			showEnvVarsInLog = 0;
		};
		6E03542C36FFBEDFACFED1F5 /* [CP] Copy Pods Resources */ = {
			isa = PBXShellScriptBuildPhase;
			buildActionMask = 2147483647;
			files = (
			);
			inputFileListPaths = (
			);
			inputPaths = (
				"${SRCROOT}/Pods/Target Support Files/Pods-FinalProject/Pods-FinalProject-resources.sh",
				"${PODS_ROOT}/GoogleSignIn/Resources/GoogleSignIn.bundle",
			);
			name = "[CP] Copy Pods Resources";
			outputFileListPaths = (
			);
			outputPaths = (
				"${TARGET_BUILD_DIR}/${UNLOCALIZED_RESOURCES_FOLDER_PATH}/GoogleSignIn.bundle",
			);
			runOnlyForDeploymentPostprocessing = 0;
			shellPath = /bin/sh;
			shellScript = "\"${SRCROOT}/Pods/Target Support Files/Pods-FinalProject/Pods-FinalProject-resources.sh\"\n";
			showEnvVarsInLog = 0;
		};
		87B63BD2BAF4902C4EEDC8AB /* [CP] Check Pods Manifest.lock */ = {
			isa = PBXShellScriptBuildPhase;
			buildActionMask = 2147483647;
			files = (
			);
			inputFileListPaths = (
			);
			inputPaths = (
				"${PODS_PODFILE_DIR_PATH}/Podfile.lock",
				"${PODS_ROOT}/Manifest.lock",
			);
			name = "[CP] Check Pods Manifest.lock";
			outputFileListPaths = (
			);
			outputPaths = (
				"$(DERIVED_FILE_DIR)/Pods-FinalProject-checkManifestLockResult.txt",
			);
			runOnlyForDeploymentPostprocessing = 0;
			shellPath = /bin/sh;
			shellScript = "diff \"${PODS_PODFILE_DIR_PATH}/Podfile.lock\" \"${PODS_ROOT}/Manifest.lock\" > /dev/null\nif [ $? != 0 ] ; then\n    # print error to STDERR\n    echo \"error: The sandbox is not in sync with the Podfile.lock. Run 'pod install' or update your CocoaPods installation.\" >&2\n    exit 1\nfi\n# This output is used by Xcode 'outputs' to avoid re-running this script phase.\necho \"SUCCESS\" > \"${SCRIPT_OUTPUT_FILE_0}\"\n";
			showEnvVarsInLog = 0;
		};
		D1E1754225135B4700D6436E /* SwiftLint */ = {
			isa = PBXShellScriptBuildPhase;
			buildActionMask = 2147483647;
			files = (
			);
			inputFileListPaths = (
			);
			inputPaths = (
			);
			name = SwiftLint;
			outputFileListPaths = (
			);
			outputPaths = (
			);
			runOnlyForDeploymentPostprocessing = 0;
			shellPath = /bin/sh;
			shellScript = "\"${PODS_ROOT}/SwiftLint/swiftlint\"\n";
		};
/* End PBXShellScriptBuildPhase section */

/* Begin PBXSourcesBuildPhase section */
		D140166F250A321B00110A13 /* Sources */ = {
			isa = PBXSourcesBuildPhase;
			buildActionMask = 2147483647;
			files = (
				3144D2AA251C7A7D000F6E3F /* StatsViewModel.swift in Sources */,
				31174421251994E1006D2516 /* DetailViewController.swift in Sources */,
				31FE1D022511E8EF007F8F8D /* TableCell.swift in Sources */,
				D14016E2250A335300110A13 /* MapperExt.swift in Sources */,
				31C3A7D2252373DF0001E53B /* StatsCellTwoTableViewCell.swift in Sources */,
				3144D2D0251F8735000F6E3F /* BarEntry.swift in Sources */,
				D14016EB250A335300110A13 /* Color.swift in Sources */,
				3143527025131B94000CBA59 /* Covid.swift in Sources */,
				3144D2C8251EFEFB000F6E3F /* CircleGraphic.swift in Sources */,
				3117441D25185EB7006D2516 /* SearchViewModel.swift in Sources */,
				314489FC251AE4B6006F5230 /* CellOneTableViewCell.swift in Sources */,
				D14016D5250A335300110A13 /* ResponseSerializer.swift in Sources */,
				31C3A7DA2523775E0001E53B /* StatsCellThreeModel.swift in Sources */,
				3145406625108C5800696E49 /* LoginViewController.swift in Sources */,
				31FE1D032511E8EF007F8F8D /* Button.swift in Sources */,
				D1BB1301250A5ECC00FA0B80 /* DictionaryExt.swift in Sources */,
				31C3A7E12524287A0001E53B /* CellRankModel.swift in Sources */,
				3143526E2513178E000CBA59 /* Country.swift in Sources */,
				314540832511B8B200696E49 /* Enum.swift in Sources */,
				D14016E9250A335300110A13 /* Font.swift in Sources */,
				D14016E3250A335300110A13 /* DefaultsExt.swift in Sources */,
				D14016E1250A335300110A13 /* UIViewControllerExt.swift in Sources */,
				31C3A7DE252428630001E53B /* CellRankTableViewCell.swift in Sources */,
				3143527225131DDA000CBA59 /* Global.swift in Sources */,
				3145406425108C5800696E49 /* TabBarViewController.swift in Sources */,
				D1BB1303250A5F0C00FA0B80 /* Measurement.swift in Sources */,
				311744292519AD32006D2516 /* DetailCellModel.swift in Sources */,
				31C3A7D7252377260001E53B /* StatsCellThreeTableViewCell.swift in Sources */,
				3117442D2519E7AF006D2516 /* DayOneCountry.swift in Sources */,
				31174426251995FB006D2516 /* DetailTableViewCell.swift in Sources */,
				31FE1D072512FFB2007F8F8D /* SearchTableViewCell.swift in Sources */,
				31FE1D002511E8EF007F8F8D /* CollectionCell.swift in Sources */,
				3145406825108C5800696E49 /* StatsViewController.swift in Sources */,
				D14016D3250A335300110A13 /* Error.swift in Sources */,
				31C3A7E5252447D60001E53B /* StatsCellFiveTableViewCell.swift in Sources */,
				D1BB12FD250A57B100FA0B80 /* NSURL.swift in Sources */,
				3145406A251090E900696E49 /* AppDelegate.swift in Sources */,
				3145406025108C5800696E49 /* SearchViewController.swift in Sources */,
				3144D2CE251F85E3000F6E3F /* CustomChart.swift in Sources */,
				3144D2AE251C7AD0000F6E3F /* StatsCellOneTableViewCell.swift in Sources */,
				314489FF251AF8BB006F5230 /* CellOneCellModel.swift in Sources */,
				3145406C251091E700696E49 /* DeviceType.swift in Sources */,
				D14016D4250A335300110A13 /* ApiManager.swift in Sources */,
				D14016D6250A335300110A13 /* Api.swift in Sources */,
				3117441B251843DF006D2516 /* API.Covid.swift in Sources */,
				3144D2B1251C8417000F6E3F /* StatsCellOneModel.swift in Sources */,
				31FE1D012511E8EF007F8F8D /* ViewController.swift in Sources */,
				3143527425134B22000CBA59 /* SearchCellModel.swift in Sources */,
				31448A02251B4D44006F5230 /* CellThreeTableViewCell.swift in Sources */,
				3145406225108C5800696E49 /* MapViewController.swift in Sources */,
				D14016EA250A335300110A13 /* App.swift in Sources */,
				D14016E8250A335300110A13 /* String.swift in Sources */,
				D14016D2250A335300110A13 /* RequestSerializer.swift in Sources */,
				3117442B2519AF2C006D2516 /* DetailViewModel.swift in Sources */,
				D14016E0250A335300110A13 /* StringExt.swift in Sources */,
				3145405F25108C5800696E49 /* FollowViewController.swift in Sources */,
				D14016DF250A335300110A13 /* InputViewExt.swift in Sources */,
				D1BB12FF250A5E4E00FA0B80 /* DataExt.swift in Sources */,
			);
			runOnlyForDeploymentPostprocessing = 0;
		};
		D1401685250A322400110A13 /* Sources */ = {
			isa = PBXSourcesBuildPhase;
			buildActionMask = 2147483647;
			files = (
				D140168E250A322400110A13 /* FinalProjectTests.swift in Sources */,
			);
			runOnlyForDeploymentPostprocessing = 0;
		};
		D1401690250A322400110A13 /* Sources */ = {
			isa = PBXSourcesBuildPhase;
			buildActionMask = 2147483647;
			files = (
				D1401699250A322400110A13 /* FinalProjectUITests.swift in Sources */,
			);
			runOnlyForDeploymentPostprocessing = 0;
		};
/* End PBXSourcesBuildPhase section */

/* Begin PBXTargetDependency section */
		D140168B250A322400110A13 /* PBXTargetDependency */ = {
			isa = PBXTargetDependency;
			target = D1401672250A321B00110A13 /* FinalProject */;
			targetProxy = D140168A250A322400110A13 /* PBXContainerItemProxy */;
		};
		D1401696250A322400110A13 /* PBXTargetDependency */ = {
			isa = PBXTargetDependency;
			target = D1401672250A321B00110A13 /* FinalProject */;
			targetProxy = D1401695250A322400110A13 /* PBXContainerItemProxy */;
		};
/* End PBXTargetDependency section */

/* Begin PBXVariantGroup section */
		D14016C6250A335300110A13 /* LaunchScreen.storyboard */ = {
			isa = PBXVariantGroup;
			children = (
				D14016C7250A335300110A13 /* Base */,
			);
			name = LaunchScreen.storyboard;
			sourceTree = "<group>";
		};
/* End PBXVariantGroup section */

/* Begin XCBuildConfiguration section */
		D140169B250A322400110A13 /* Debug */ = {
			isa = XCBuildConfiguration;
			buildSettings = {
				ALWAYS_SEARCH_USER_PATHS = NO;
				CLANG_ANALYZER_NONNULL = YES;
				CLANG_ANALYZER_NUMBER_OBJECT_CONVERSION = YES_AGGRESSIVE;
				CLANG_CXX_LANGUAGE_STANDARD = "gnu++14";
				CLANG_CXX_LIBRARY = "libc++";
				CLANG_ENABLE_MODULES = YES;
				CLANG_ENABLE_OBJC_ARC = YES;
				CLANG_ENABLE_OBJC_WEAK = YES;
				CLANG_WARN_BLOCK_CAPTURE_AUTORELEASING = YES;
				CLANG_WARN_BOOL_CONVERSION = YES;
				CLANG_WARN_COMMA = YES;
				CLANG_WARN_CONSTANT_CONVERSION = YES;
				CLANG_WARN_DEPRECATED_OBJC_IMPLEMENTATIONS = YES;
				CLANG_WARN_DIRECT_OBJC_ISA_USAGE = YES_ERROR;
				CLANG_WARN_DOCUMENTATION_COMMENTS = YES;
				CLANG_WARN_EMPTY_BODY = YES;
				CLANG_WARN_ENUM_CONVERSION = YES;
				CLANG_WARN_INFINITE_RECURSION = YES;
				CLANG_WARN_INT_CONVERSION = YES;
				CLANG_WARN_NON_LITERAL_NULL_CONVERSION = YES;
				CLANG_WARN_OBJC_IMPLICIT_RETAIN_SELF = YES;
				CLANG_WARN_OBJC_LITERAL_CONVERSION = YES;
				CLANG_WARN_OBJC_ROOT_CLASS = YES_ERROR;
				CLANG_WARN_RANGE_LOOP_ANALYSIS = YES;
				CLANG_WARN_STRICT_PROTOTYPES = YES;
				CLANG_WARN_SUSPICIOUS_MOVE = YES;
				CLANG_WARN_UNGUARDED_AVAILABILITY = YES_AGGRESSIVE;
				CLANG_WARN_UNREACHABLE_CODE = YES;
				CLANG_WARN__DUPLICATE_METHOD_MATCH = YES;
				COPY_PHASE_STRIP = NO;
				DEBUG_INFORMATION_FORMAT = dwarf;
				ENABLE_STRICT_OBJC_MSGSEND = YES;
				ENABLE_TESTABILITY = YES;
				GCC_C_LANGUAGE_STANDARD = gnu11;
				GCC_DYNAMIC_NO_PIC = NO;
				GCC_NO_COMMON_BLOCKS = YES;
				GCC_OPTIMIZATION_LEVEL = 0;
				GCC_PREPROCESSOR_DEFINITIONS = (
					"DEBUG=1",
					"$(inherited)",
				);
				GCC_WARN_64_TO_32_BIT_CONVERSION = YES;
				GCC_WARN_ABOUT_RETURN_TYPE = YES_ERROR;
				GCC_WARN_UNDECLARED_SELECTOR = YES;
				GCC_WARN_UNINITIALIZED_AUTOS = YES_AGGRESSIVE;
				GCC_WARN_UNUSED_FUNCTION = YES;
				GCC_WARN_UNUSED_VARIABLE = YES;
				IPHONEOS_DEPLOYMENT_TARGET = 13.2;
				MTL_ENABLE_DEBUG_INFO = INCLUDE_SOURCE;
				MTL_FAST_MATH = YES;
				ONLY_ACTIVE_ARCH = YES;
				SDKROOT = iphoneos;
				SWIFT_ACTIVE_COMPILATION_CONDITIONS = DEBUG;
				SWIFT_OPTIMIZATION_LEVEL = "-Onone";
			};
			name = Debug;
		};
		D140169C250A322400110A13 /* Release */ = {
			isa = XCBuildConfiguration;
			buildSettings = {
				ALWAYS_SEARCH_USER_PATHS = NO;
				CLANG_ANALYZER_NONNULL = YES;
				CLANG_ANALYZER_NUMBER_OBJECT_CONVERSION = YES_AGGRESSIVE;
				CLANG_CXX_LANGUAGE_STANDARD = "gnu++14";
				CLANG_CXX_LIBRARY = "libc++";
				CLANG_ENABLE_MODULES = YES;
				CLANG_ENABLE_OBJC_ARC = YES;
				CLANG_ENABLE_OBJC_WEAK = YES;
				CLANG_WARN_BLOCK_CAPTURE_AUTORELEASING = YES;
				CLANG_WARN_BOOL_CONVERSION = YES;
				CLANG_WARN_COMMA = YES;
				CLANG_WARN_CONSTANT_CONVERSION = YES;
				CLANG_WARN_DEPRECATED_OBJC_IMPLEMENTATIONS = YES;
				CLANG_WARN_DIRECT_OBJC_ISA_USAGE = YES_ERROR;
				CLANG_WARN_DOCUMENTATION_COMMENTS = YES;
				CLANG_WARN_EMPTY_BODY = YES;
				CLANG_WARN_ENUM_CONVERSION = YES;
				CLANG_WARN_INFINITE_RECURSION = YES;
				CLANG_WARN_INT_CONVERSION = YES;
				CLANG_WARN_NON_LITERAL_NULL_CONVERSION = YES;
				CLANG_WARN_OBJC_IMPLICIT_RETAIN_SELF = YES;
				CLANG_WARN_OBJC_LITERAL_CONVERSION = YES;
				CLANG_WARN_OBJC_ROOT_CLASS = YES_ERROR;
				CLANG_WARN_RANGE_LOOP_ANALYSIS = YES;
				CLANG_WARN_STRICT_PROTOTYPES = YES;
				CLANG_WARN_SUSPICIOUS_MOVE = YES;
				CLANG_WARN_UNGUARDED_AVAILABILITY = YES_AGGRESSIVE;
				CLANG_WARN_UNREACHABLE_CODE = YES;
				CLANG_WARN__DUPLICATE_METHOD_MATCH = YES;
				COPY_PHASE_STRIP = NO;
				DEBUG_INFORMATION_FORMAT = "dwarf-with-dsym";
				ENABLE_NS_ASSERTIONS = NO;
				ENABLE_STRICT_OBJC_MSGSEND = YES;
				GCC_C_LANGUAGE_STANDARD = gnu11;
				GCC_NO_COMMON_BLOCKS = YES;
				GCC_WARN_64_TO_32_BIT_CONVERSION = YES;
				GCC_WARN_ABOUT_RETURN_TYPE = YES_ERROR;
				GCC_WARN_UNDECLARED_SELECTOR = YES;
				GCC_WARN_UNINITIALIZED_AUTOS = YES_AGGRESSIVE;
				GCC_WARN_UNUSED_FUNCTION = YES;
				GCC_WARN_UNUSED_VARIABLE = YES;
				IPHONEOS_DEPLOYMENT_TARGET = 13.2;
				MTL_ENABLE_DEBUG_INFO = NO;
				MTL_FAST_MATH = YES;
				SDKROOT = iphoneos;
				SWIFT_COMPILATION_MODE = wholemodule;
				SWIFT_OPTIMIZATION_LEVEL = "-O";
				VALIDATE_PRODUCT = YES;
			};
			name = Release;
		};
		D140169E250A322400110A13 /* Debug */ = {
			isa = XCBuildConfiguration;
			baseConfigurationReference = 55A32BBB6E0353D615726FAB /* Pods-FinalProject.debug.xcconfig */;
			buildSettings = {
				ASSETCATALOG_COMPILER_APPICON_NAME = AppIcon;
				CODE_SIGN_ENTITLEMENTS = FinalProject/FinalProject.entitlements;
				CODE_SIGN_STYLE = Automatic;
				DEVELOPMENT_ASSET_PATHS = "\"FinalProject/Preview Content\"";
				DEVELOPMENT_TEAM = 359AM89X26;
				ENABLE_PREVIEWS = YES;
				INFOPLIST_FILE = FinalProject/Supports/Info.plist;
				LD_RUNPATH_SEARCH_PATHS = (
					"$(inherited)",
					"@executable_path/Frameworks",
				);
				PRODUCT_BUNDLE_IDENTIFIER = com.fc.FinalProject;
				PRODUCT_NAME = "$(TARGET_NAME)";
				SWIFT_VERSION = 5.0;
				TARGETED_DEVICE_FAMILY = 1;
			};
			name = Debug;
		};
		D140169F250A322400110A13 /* Release */ = {
			isa = XCBuildConfiguration;
			baseConfigurationReference = 07F80737CD9B19E7B3ADD5F6 /* Pods-FinalProject.release.xcconfig */;
			buildSettings = {
				ASSETCATALOG_COMPILER_APPICON_NAME = AppIcon;
				CODE_SIGN_ENTITLEMENTS = FinalProject/FinalProject.entitlements;
				CODE_SIGN_STYLE = Automatic;
				DEVELOPMENT_ASSET_PATHS = "\"FinalProject/Preview Content\"";
				DEVELOPMENT_TEAM = 359AM89X26;
				ENABLE_PREVIEWS = YES;
				INFOPLIST_FILE = FinalProject/Supports/Info.plist;
				LD_RUNPATH_SEARCH_PATHS = (
					"$(inherited)",
					"@executable_path/Frameworks",
				);
				PRODUCT_BUNDLE_IDENTIFIER = com.fc.FinalProject;
				PRODUCT_NAME = "$(TARGET_NAME)";
				SWIFT_VERSION = 5.0;
				TARGETED_DEVICE_FAMILY = 1;
			};
			name = Release;
		};
		D14016A1250A322400110A13 /* Debug */ = {
			isa = XCBuildConfiguration;
			buildSettings = {
				ALWAYS_EMBED_SWIFT_STANDARD_LIBRARIES = YES;
				BUNDLE_LOADER = "$(TEST_HOST)";
				CODE_SIGN_STYLE = Automatic;
				INFOPLIST_FILE = FinalProjectTests/Info.plist;
				IPHONEOS_DEPLOYMENT_TARGET = 13.2;
				LD_RUNPATH_SEARCH_PATHS = (
					"$(inherited)",
					"@executable_path/Frameworks",
					"@loader_path/Frameworks",
				);
				PRODUCT_BUNDLE_IDENTIFIER = com.fc.FinalProjectTests;
				PRODUCT_NAME = "$(TARGET_NAME)";
				SWIFT_VERSION = 5.0;
				TARGETED_DEVICE_FAMILY = "1,2";
				TEST_HOST = "$(BUILT_PRODUCTS_DIR)/FinalProject.app/FinalProject";
			};
			name = Debug;
		};
		D14016A2250A322400110A13 /* Release */ = {
			isa = XCBuildConfiguration;
			buildSettings = {
				ALWAYS_EMBED_SWIFT_STANDARD_LIBRARIES = YES;
				BUNDLE_LOADER = "$(TEST_HOST)";
				CODE_SIGN_STYLE = Automatic;
				INFOPLIST_FILE = FinalProjectTests/Info.plist;
				IPHONEOS_DEPLOYMENT_TARGET = 13.2;
				LD_RUNPATH_SEARCH_PATHS = (
					"$(inherited)",
					"@executable_path/Frameworks",
					"@loader_path/Frameworks",
				);
				PRODUCT_BUNDLE_IDENTIFIER = com.fc.FinalProjectTests;
				PRODUCT_NAME = "$(TARGET_NAME)";
				SWIFT_VERSION = 5.0;
				TARGETED_DEVICE_FAMILY = "1,2";
				TEST_HOST = "$(BUILT_PRODUCTS_DIR)/FinalProject.app/FinalProject";
			};
			name = Release;
		};
		D14016A4250A322400110A13 /* Debug */ = {
			isa = XCBuildConfiguration;
			buildSettings = {
				ALWAYS_EMBED_SWIFT_STANDARD_LIBRARIES = YES;
				CODE_SIGN_STYLE = Automatic;
				INFOPLIST_FILE = FinalProjectUITests/Info.plist;
				LD_RUNPATH_SEARCH_PATHS = (
					"$(inherited)",
					"@executable_path/Frameworks",
					"@loader_path/Frameworks",
				);
				PRODUCT_BUNDLE_IDENTIFIER = com.fc.FinalProjectUITests;
				PRODUCT_NAME = "$(TARGET_NAME)";
				SWIFT_VERSION = 5.0;
				TARGETED_DEVICE_FAMILY = "1,2";
				TEST_TARGET_NAME = FinalProject;
			};
			name = Debug;
		};
		D14016A5250A322400110A13 /* Release */ = {
			isa = XCBuildConfiguration;
			buildSettings = {
				ALWAYS_EMBED_SWIFT_STANDARD_LIBRARIES = YES;
				CODE_SIGN_STYLE = Automatic;
				INFOPLIST_FILE = FinalProjectUITests/Info.plist;
				LD_RUNPATH_SEARCH_PATHS = (
					"$(inherited)",
					"@executable_path/Frameworks",
					"@loader_path/Frameworks",
				);
				PRODUCT_BUNDLE_IDENTIFIER = com.fc.FinalProjectUITests;
				PRODUCT_NAME = "$(TARGET_NAME)";
				SWIFT_VERSION = 5.0;
				TARGETED_DEVICE_FAMILY = "1,2";
				TEST_TARGET_NAME = FinalProject;
			};
			name = Release;
		};
/* End XCBuildConfiguration section */

/* Begin XCConfigurationList section */
		D140166E250A321B00110A13 /* Build configuration list for PBXProject "FinalProject" */ = {
			isa = XCConfigurationList;
			buildConfigurations = (
				D140169B250A322400110A13 /* Debug */,
				D140169C250A322400110A13 /* Release */,
			);
			defaultConfigurationIsVisible = 0;
			defaultConfigurationName = Release;
		};
		D140169D250A322400110A13 /* Build configuration list for PBXNativeTarget "FinalProject" */ = {
			isa = XCConfigurationList;
			buildConfigurations = (
				D140169E250A322400110A13 /* Debug */,
				D140169F250A322400110A13 /* Release */,
			);
			defaultConfigurationIsVisible = 0;
			defaultConfigurationName = Release;
		};
		D14016A0250A322400110A13 /* Build configuration list for PBXNativeTarget "FinalProjectTests" */ = {
			isa = XCConfigurationList;
			buildConfigurations = (
				D14016A1250A322400110A13 /* Debug */,
				D14016A2250A322400110A13 /* Release */,
			);
			defaultConfigurationIsVisible = 0;
			defaultConfigurationName = Release;
		};
		D14016A3250A322400110A13 /* Build configuration list for PBXNativeTarget "FinalProjectUITests" */ = {
			isa = XCConfigurationList;
			buildConfigurations = (
				D14016A4250A322400110A13 /* Debug */,
				D14016A5250A322400110A13 /* Release */,
			);
			defaultConfigurationIsVisible = 0;
			defaultConfigurationName = Release;
		};
/* End XCConfigurationList section */
	};
	rootObject = D140166B250A321B00110A13 /* Project object */;
}
